// !$*UTF8*$!
{
	archiveVersion = 1;
	classes = {
	};
	objectVersion = 56;
	objects = {

/* Begin PBXBuildFile section */
		042C540C29704AD4000F58E0 /* MovieResponse.swift in Sources */ = {isa = PBXBuildFile; fileRef = 042C540B29704AD4000F58E0 /* MovieResponse.swift */; };
		04CA8DA829749A3D00C6196B /* MovieDetail.swift in Sources */ = {isa = PBXBuildFile; fileRef = 04CA8DA729749A3D00C6196B /* MovieDetail.swift */; };
		04CA8DAD29758F6600C6196B /* NewsResponse.swift in Sources */ = {isa = PBXBuildFile; fileRef = 04CA8DAC29758F6600C6196B /* NewsResponse.swift */; };
		04CA8DAF29758FC000C6196B /* NewsViewModel.swift in Sources */ = {isa = PBXBuildFile; fileRef = 04CA8DAE29758FC000C6196B /* NewsViewModel.swift */; };
		04CEB5A829661DE10056DF9B /* CombineAsyncApp.swift in Sources */ = {isa = PBXBuildFile; fileRef = 04CEB5A729661DE10056DF9B /* CombineAsyncApp.swift */; };
		04CEB5AA29661DE10056DF9B /* ContentView.swift in Sources */ = {isa = PBXBuildFile; fileRef = 04CEB5A929661DE10056DF9B /* ContentView.swift */; };
		04CEB5AC29661DE40056DF9B /* Assets.xcassets in Resources */ = {isa = PBXBuildFile; fileRef = 04CEB5AB29661DE40056DF9B /* Assets.xcassets */; };
		04CEB5AF29661DE40056DF9B /* Preview Assets.xcassets in Resources */ = {isa = PBXBuildFile; fileRef = 04CEB5AE29661DE40056DF9B /* Preview Assets.xcassets */; };
		04CEB5B629661E140056DF9B /* ViewModel.swift in Sources */ = {isa = PBXBuildFile; fileRef = 04CEB5B529661E140056DF9B /* ViewModel.swift */; };
		04FFE3A92975D548004F0540 /* ArticleDetail.swift in Sources */ = {isa = PBXBuildFile; fileRef = 04FFE3A82975D548004F0540 /* ArticleDetail.swift */; };
/* End PBXBuildFile section */

/* Begin PBXFileReference section */
		042C540B29704AD4000F58E0 /* MovieResponse.swift */ = {isa = PBXFileReference; lastKnownFileType = sourcecode.swift; path = MovieResponse.swift; sourceTree = "<group>"; };
		04CA8DA729749A3D00C6196B /* MovieDetail.swift */ = {isa = PBXFileReference; lastKnownFileType = sourcecode.swift; path = MovieDetail.swift; sourceTree = "<group>"; };
		04CA8DA92974B45200C6196B /* Info.plist */ = {isa = PBXFileReference; lastKnownFileType = text.plist; path = Info.plist; sourceTree = "<group>"; };
		04CA8DAC29758F6600C6196B /* NewsResponse.swift */ = {isa = PBXFileReference; lastKnownFileType = sourcecode.swift; path = NewsResponse.swift; sourceTree = "<group>"; };
		04CA8DAE29758FC000C6196B /* NewsViewModel.swift */ = {isa = PBXFileReference; lastKnownFileType = sourcecode.swift; path = NewsViewModel.swift; sourceTree = "<group>"; };
		04CEB5A429661DE10056DF9B /* CombineAsync.app */ = {isa = PBXFileReference; explicitFileType = wrapper.application; includeInIndex = 0; path = CombineAsync.app; sourceTree = BUILT_PRODUCTS_DIR; };
		04CEB5A729661DE10056DF9B /* CombineAsyncApp.swift */ = {isa = PBXFileReference; lastKnownFileType = sourcecode.swift; path = CombineAsyncApp.swift; sourceTree = "<group>"; };
		04CEB5A929661DE10056DF9B /* ContentView.swift */ = {isa = PBXFileReference; lastKnownFileType = sourcecode.swift; path = ContentView.swift; sourceTree = "<group>"; };
		04CEB5AB29661DE40056DF9B /* Assets.xcassets */ = {isa = PBXFileReference; lastKnownFileType = folder.assetcatalog; path = Assets.xcassets; sourceTree = "<group>"; };
		04CEB5AE29661DE40056DF9B /* Preview Assets.xcassets */ = {isa = PBXFileReference; lastKnownFileType = folder.assetcatalog; path = "Preview Assets.xcassets"; sourceTree = "<group>"; };
		04CEB5B529661E140056DF9B /* ViewModel.swift */ = {isa = PBXFileReference; lastKnownFileType = sourcecode.swift; path = ViewModel.swift; sourceTree = "<group>"; };
		04FFE3A82975D548004F0540 /* ArticleDetail.swift */ = {isa = PBXFileReference; lastKnownFileType = sourcecode.swift; path = ArticleDetail.swift; sourceTree = "<group>"; };
/* End PBXFileReference section */

/* Begin PBXFrameworksBuildPhase section */
		04CEB5A129661DE10056DF9B /* Frameworks */ = {
			isa = PBXFrameworksBuildPhase;
			buildActionMask = 2147483647;
			files = (
			);
			runOnlyForDeploymentPostprocessing = 0;
		};
/* End PBXFrameworksBuildPhase section */

/* Begin PBXGroup section */
		04CEB59B29661DE10056DF9B = {
			isa = PBXGroup;
			children = (
				04CEB5A629661DE10056DF9B /* CombineAsync */,
				04CEB5A529661DE10056DF9B /* Products */,
			);
			sourceTree = "<group>";
		};
		04CEB5A529661DE10056DF9B /* Products */ = {
			isa = PBXGroup;
			children = (
				04CEB5A429661DE10056DF9B /* CombineAsync.app */,
			);
			name = Products;
			sourceTree = "<group>";
		};
		04CEB5A629661DE10056DF9B /* CombineAsync */ = {
			isa = PBXGroup;
			children = (
				04CA8DA92974B45200C6196B /* Info.plist */,
				04CEB5A729661DE10056DF9B /* CombineAsyncApp.swift */,
				04CEB5A929661DE10056DF9B /* ContentView.swift */,
				04CEB5AB29661DE40056DF9B /* Assets.xcassets */,
				04CEB5AD29661DE40056DF9B /* Preview Content */,
				04CEB5B529661E140056DF9B /* ViewModel.swift */,
				042C540B29704AD4000F58E0 /* MovieResponse.swift */,
				04CA8DA729749A3D00C6196B /* MovieDetail.swift */,
				04CA8DAC29758F6600C6196B /* NewsResponse.swift */,
				04CA8DAE29758FC000C6196B /* NewsViewModel.swift */,
				04FFE3A82975D548004F0540 /* ArticleDetail.swift */,
			);
			path = CombineAsync;
			sourceTree = "<group>";
		};
		04CEB5AD29661DE40056DF9B /* Preview Content */ = {
			isa = PBXGroup;
			children = (
				04CEB5AE29661DE40056DF9B /* Preview Assets.xcassets */,
			);
			path = "Preview Content";
			sourceTree = "<group>";
		};
/* End PBXGroup section */

/* Begin PBXNativeTarget section */
		04CEB5A329661DE10056DF9B /* CombineAsync */ = {
			isa = PBXNativeTarget;
			buildConfigurationList = 04CEB5B229661DE40056DF9B /* Build configuration list for PBXNativeTarget "CombineAsync" */;
			buildPhases = (
				04CEB5A029661DE10056DF9B /* Sources */,
				04CEB5A129661DE10056DF9B /* Frameworks */,
				04CEB5A229661DE10056DF9B /* Resources */,
			);
			buildRules = (
			);
			dependencies = (
			);
			name = CombineAsync;
			productName = CombineAsync;
			productReference = 04CEB5A429661DE10056DF9B /* CombineAsync.app */;
			productType = "com.apple.product-type.application";
		};
/* End PBXNativeTarget section */

/* Begin PBXProject section */
		04CEB59C29661DE10056DF9B /* Project object */ = {
			isa = PBXProject;
			attributes = {
				BuildIndependentTargetsInParallel = 1;
				LastSwiftUpdateCheck = 1410;
				LastUpgradeCheck = 1410;
				TargetAttributes = {
					04CEB5A329661DE10056DF9B = {
						CreatedOnToolsVersion = 14.1;
					};
				};
			};
			buildConfigurationList = 04CEB59F29661DE10056DF9B /* Build configuration list for PBXProject "CombineAsync" */;
			compatibilityVersion = "Xcode 14.0";
			developmentRegion = en;
			hasScannedForEncodings = 0;
			knownRegions = (
				en,
				Base,
			);
			mainGroup = 04CEB59B29661DE10056DF9B;
			productRefGroup = 04CEB5A529661DE10056DF9B /* Products */;
			projectDirPath = "";
			projectRoot = "";
			targets = (
				04CEB5A329661DE10056DF9B /* CombineAsync */,
			);
		};
/* End PBXProject section */

/* Begin PBXResourcesBuildPhase section */
		04CEB5A229661DE10056DF9B /* Resources */ = {
			isa = PBXResourcesBuildPhase;
			buildActionMask = 2147483647;
			files = (
				04CEB5AF29661DE40056DF9B /* Preview Assets.xcassets in Resources */,
				04CEB5AC29661DE40056DF9B /* Assets.xcassets in Resources */,
			);
			runOnlyForDeploymentPostprocessing = 0;
		};
/* End PBXResourcesBuildPhase section */

/* Begin PBXSourcesBuildPhase section */
		04CEB5A029661DE10056DF9B /* Sources */ = {
			isa = PBXSourcesBuildPhase;
			buildActionMask = 2147483647;
			files = (
				04CEB5AA29661DE10056DF9B /* ContentView.swift in Sources */,
				042C540C29704AD4000F58E0 /* MovieResponse.swift in Sources */,
				04CA8DA829749A3D00C6196B /* MovieDetail.swift in Sources */,
				04CEB5B629661E140056DF9B /* ViewModel.swift in Sources */,
				04CA8DAF29758FC000C6196B /* NewsViewModel.swift in Sources */,
				04FFE3A92975D548004F0540 /* ArticleDetail.swift in Sources */,
				04CEB5A829661DE10056DF9B /* CombineAsyncApp.swift in Sources */,
				04CA8DAD29758F6600C6196B /* NewsResponse.swift in Sources */,
			);
			runOnlyForDeploymentPostprocessing = 0;
		};
/* End PBXSourcesBuildPhase section */

/* Begin XCBuildConfiguration section */
		04CEB5B029661DE40056DF9B /* Debug */ = {
			isa = XCBuildConfiguration;
			buildSettings = {
				ALWAYS_SEARCH_USER_PATHS = NO;
				CLANG_ANALYZER_NONNULL = YES;
				CLANG_ANALYZER_NUMBER_OBJECT_CONVERSION = YES_AGGRESSIVE;
				CLANG_CXX_LANGUAGE_STANDARD = "gnu++20";
				CLANG_ENABLE_MODULES = YES;
				CLANG_ENABLE_OBJC_ARC = YES;
				CLANG_ENABLE_OBJC_WEAK = YES;
				CLANG_WARN_BLOCK_CAPTURE_AUTORELEASING = YES;
				CLANG_WARN_BOOL_CONVERSION = YES;
				CLANG_WARN_COMMA = YES;
				CLANG_WARN_CONSTANT_CONVERSION = YES;
				CLANG_WARN_DEPRECATED_OBJC_IMPLEMENTATIONS = YES;
				CLANG_WARN_DIRECT_OBJC_ISA_USAGE = YES_ERROR;
				CLANG_WARN_DOCUMENTATION_COMMENTS = YES;
				CLANG_WARN_EMPTY_BODY = YES;
				CLANG_WARN_ENUM_CONVERSION = YES;
				CLANG_WARN_INFINITE_RECURSION = YES;
				CLANG_WARN_INT_CONVERSION = YES;
				CLANG_WARN_NON_LITERAL_NULL_CONVERSION = YES;
				CLANG_WARN_OBJC_IMPLICIT_RETAIN_SELF = YES;
				CLANG_WARN_OBJC_LITERAL_CONVERSION = YES;
				CLANG_WARN_OBJC_ROOT_CLASS = YES_ERROR;
				CLANG_WARN_QUOTED_INCLUDE_IN_FRAMEWORK_HEADER = YES;
				CLANG_WARN_RANGE_LOOP_ANALYSIS = YES;
				CLANG_WARN_STRICT_PROTOTYPES = YES;
				CLANG_WARN_SUSPICIOUS_MOVE = YES;
				CLANG_WARN_UNGUARDED_AVAILABILITY = YES_AGGRESSIVE;
				CLANG_WARN_UNREACHABLE_CODE = YES;
				CLANG_WARN__DUPLICATE_METHOD_MATCH = YES;
				COPY_PHASE_STRIP = NO;
				DEBUG_INFORMATION_FORMAT = dwarf;
				ENABLE_STRICT_OBJC_MSGSEND = YES;
				ENABLE_TESTABILITY = YES;
				GCC_C_LANGUAGE_STANDARD = gnu11;
				GCC_DYNAMIC_NO_PIC = NO;
				GCC_NO_COMMON_BLOCKS = YES;
				GCC_OPTIMIZATION_LEVEL = 0;
				GCC_PREPROCESSOR_DEFINITIONS = (
					"DEBUG=1",
					"$(inherited)",
				);
				GCC_WARN_64_TO_32_BIT_CONVERSION = YES;
				GCC_WARN_ABOUT_RETURN_TYPE = YES_ERROR;
				GCC_WARN_UNDECLARED_SELECTOR = YES;
				GCC_WARN_UNINITIALIZED_AUTOS = YES_AGGRESSIVE;
				GCC_WARN_UNUSED_FUNCTION = YES;
				GCC_WARN_UNUSED_VARIABLE = YES;
				IPHONEOS_DEPLOYMENT_TARGET = 16.1;
				MTL_ENABLE_DEBUG_INFO = INCLUDE_SOURCE;
				MTL_FAST_MATH = YES;
				ONLY_ACTIVE_ARCH = YES;
				SDKROOT = iphoneos;
				SWIFT_ACTIVE_COMPILATION_CONDITIONS = DEBUG;
				SWIFT_OPTIMIZATION_LEVEL = "-Onone";
			};
			name = Debug;
		};
		04CEB5B129661DE40056DF9B /* Release */ = {
			isa = XCBuildConfiguration;
			buildSettings = {
				ALWAYS_SEARCH_USER_PATHS = NO;
				CLANG_ANALYZER_NONNULL = YES;
				CLANG_ANALYZER_NUMBER_OBJECT_CONVERSION = YES_AGGRESSIVE;
				CLANG_CXX_LANGUAGE_STANDARD = "gnu++20";
				CLANG_ENABLE_MODULES = YES;
				CLANG_ENABLE_OBJC_ARC = YES;
				CLANG_ENABLE_OBJC_WEAK = YES;
				CLANG_WARN_BLOCK_CAPTURE_AUTORELEASING = YES;
				CLANG_WARN_BOOL_CONVERSION = YES;
				CLANG_WARN_COMMA = YES;
				CLANG_WARN_CONSTANT_CONVERSION = YES;
				CLANG_WARN_DEPRECATED_OBJC_IMPLEMENTATIONS = YES;
				CLANG_WARN_DIRECT_OBJC_ISA_USAGE = YES_ERROR;
				CLANG_WARN_DOCUMENTATION_COMMENTS = YES;
				CLANG_WARN_EMPTY_BODY = YES;
				CLANG_WARN_ENUM_CONVERSION = YES;
				CLANG_WARN_INFINITE_RECURSION = YES;
				CLANG_WARN_INT_CONVERSION = YES;
				CLANG_WARN_NON_LITERAL_NULL_CONVERSION = YES;
				CLANG_WARN_OBJC_IMPLICIT_RETAIN_SELF = YES;
				CLANG_WARN_OBJC_LITERAL_CONVERSION = YES;
				CLANG_WARN_OBJC_ROOT_CLASS = YES_ERROR;
				CLANG_WARN_QUOTED_INCLUDE_IN_FRAMEWORK_HEADER = YES;
				CLANG_WARN_RANGE_LOOP_ANALYSIS = YES;
				CLANG_WARN_STRICT_PROTOTYPES = YES;
				CLANG_WARN_SUSPICIOUS_MOVE = YES;
				CLANG_WARN_UNGUARDED_AVAILABILITY = YES_AGGRESSIVE;
				CLANG_WARN_UNREACHABLE_CODE = YES;
				CLANG_WARN__DUPLICATE_METHOD_MATCH = YES;
				COPY_PHASE_STRIP = NO;
				DEBUG_INFORMATION_FORMAT = "dwarf-with-dsym";
				ENABLE_NS_ASSERTIONS = NO;
				ENABLE_STRICT_OBJC_MSGSEND = YES;
				GCC_C_LANGUAGE_STANDARD = gnu11;
				GCC_NO_COMMON_BLOCKS = YES;
				GCC_WARN_64_TO_32_BIT_CONVERSION = YES;
				GCC_WARN_ABOUT_RETURN_TYPE = YES_ERROR;
				GCC_WARN_UNDECLARED_SELECTOR = YES;
				GCC_WARN_UNINITIALIZED_AUTOS = YES_AGGRESSIVE;
				GCC_WARN_UNUSED_FUNCTION = YES;
				GCC_WARN_UNUSED_VARIABLE = YES;
				IPHONEOS_DEPLOYMENT_TARGET = 16.1;
				MTL_ENABLE_DEBUG_INFO = NO;
				MTL_FAST_MATH = YES;
				SDKROOT = iphoneos;
				SWIFT_COMPILATION_MODE = wholemodule;
				SWIFT_OPTIMIZATION_LEVEL = "-O";
				VALIDATE_PRODUCT = YES;
			};
			name = Release;
		};
		04CEB5B329661DE40056DF9B /* Debug */ = {
			isa = XCBuildConfiguration;
			buildSettings = {
				ASSETCATALOG_COMPILER_APPICON_NAME = AppIcon;
				ASSETCATALOG_COMPILER_GLOBAL_ACCENT_COLOR_NAME = AccentColor;
				CODE_SIGN_STYLE = Automatic;
				CURRENT_PROJECT_VERSION = 1;
				DEVELOPMENT_ASSET_PATHS = "\"CombineAsync/Preview Content\"";
				ENABLE_PREVIEWS = YES;
				GENERATE_INFOPLIST_FILE = YES;
				INFOPLIST_FILE = CombineAsync/Info.plist;
				INFOPLIST_KEY_UIApplicationSceneManifest_Generation = YES;
				INFOPLIST_KEY_UIApplicationSupportsIndirectInputEvents = YES;
				INFOPLIST_KEY_UILaunchScreen_Generation = YES;
				INFOPLIST_KEY_UISupportedInterfaceOrientations_iPad = "UIInterfaceOrientationPortrait UIInterfaceOrientationPortraitUpsideDown UIInterfaceOrientationLandscapeLeft UIInterfaceOrientationLandscapeRight";
				INFOPLIST_KEY_UISupportedInterfaceOrientations_iPhone = "UIInterfaceOrientationPortrait UIInterfaceOrientationLandscapeLeft UIInterfaceOrientationLandscapeRight";
				LD_RUNPATH_SEARCH_PATHS = (
					"$(inherited)",
					"@executable_path/Frameworks",
				);
				MARKETING_VERSION = 1.0;
				PRODUCT_BUNDLE_IDENTIFIER = com.tait.org.CombineAsync;
				PRODUCT_NAME = "$(TARGET_NAME)";
				SWIFT_EMIT_LOC_STRINGS = YES;
				SWIFT_VERSION = 5.0;
				TARGETED_DEVICE_FAMILY = "1,2";
			};
			name = Debug;
		};
		04CEB5B429661DE40056DF9B /* Release */ = {
			isa = XCBuildConfiguration;
			buildSettings = {
				ASSETCATALOG_COMPILER_APPICON_NAME = AppIcon;
				ASSETCATALOG_COMPILER_GLOBAL_ACCENT_COLOR_NAME = AccentColor;
				CODE_SIGN_STYLE = Automatic;
				CURRENT_PROJECT_VERSION = 1;
				DEVELOPMENT_ASSET_PATHS = "\"CombineAsync/Preview Content\"";
				ENABLE_PREVIEWS = YES;
				GENERATE_INFOPLIST_FILE = YES;
				INFOPLIST_FILE = CombineAsync/Info.plist;
				INFOPLIST_KEY_UIApplicationSceneManifest_Generation = YES;
				INFOPLIST_KEY_UIApplicationSupportsIndirectInputEvents = YES;
				INFOPLIST_KEY_UILaunchScreen_Generation = YES;
				INFOPLIST_KEY_UISupportedInterfaceOrientations_iPad = "UIInterfaceOrientationPortrait UIInterfaceOrientationPortraitUpsideDown UIInterfaceOrientationLandscapeLeft UIInterfaceOrientationLandscapeRight";
				INFOPLIST_KEY_UISupportedInterfaceOrientations_iPhone = "UIInterfaceOrientationPortrait UIInterfaceOrientationLandscapeLeft UIInterfaceOrientationLandscapeRight";
				LD_RUNPATH_SEARCH_PATHS = (
					"$(inherited)",
					"@executable_path/Frameworks",
				);
				MARKETING_VERSION = 1.0;
				PRODUCT_BUNDLE_IDENTIFIER = com.tait.org.CombineAsync;
				PRODUCT_NAME = "$(TARGET_NAME)";
				SWIFT_EMIT_LOC_STRINGS = YES;
				SWIFT_VERSION = 5.0;
				TARGETED_DEVICE_FAMILY = "1,2";
			};
			name = Release;
		};
/* End XCBuildConfiguration section */

/* Begin XCConfigurationList section */
		04CEB59F29661DE10056DF9B /* Build configuration list for PBXProject "CombineAsync" */ = {
			isa = XCConfigurationList;
			buildConfigurations = (
				04CEB5B029661DE40056DF9B /* Debug */,
				04CEB5B129661DE40056DF9B /* Release */,
			);
			defaultConfigurationIsVisible = 0;
			defaultConfigurationName = Release;
		};
		04CEB5B229661DE40056DF9B /* Build configuration list for PBXNativeTarget "CombineAsync" */ = {
			isa = XCConfigurationList;
			buildConfigurations = (
				04CEB5B329661DE40056DF9B /* Debug */,
				04CEB5B429661DE40056DF9B /* Release */,
			);
			defaultConfigurationIsVisible = 0;
			defaultConfigurationName = Release;
		};
/* End XCConfigurationList section */
	};
	rootObject = 04CEB59C29661DE10056DF9B /* Project object */;
}
